// !$*UTF8*$!
{
	archiveVersion = 1;
	classes = {
	};
	objectVersion = 46;
	objects = {

/* Begin PBXBuildFile section */
		49A162901BC6E6A200AD4AE7 /* main.m in Sources */ = {isa = PBXBuildFile; fileRef = 49A1628F1BC6E6A200AD4AE7 /* main.m */; };
		49A162931BC6E6A200AD4AE7 /* AppDelegate.m in Sources */ = {isa = PBXBuildFile; fileRef = 49A162921BC6E6A200AD4AE7 /* AppDelegate.m */; };
		49A162961BC6E6A200AD4AE7 /* ViewController.m in Sources */ = {isa = PBXBuildFile; fileRef = 49A162951BC6E6A200AD4AE7 /* ViewController.m */; };
		49A1629B1BC6E6A200AD4AE7 /* Assets.xcassets in Resources */ = {isa = PBXBuildFile; fileRef = 49A1629A1BC6E6A200AD4AE7 /* Assets.xcassets */; };
		49A1629E1BC6E6A200AD4AE7 /* LaunchScreen.storyboard in Resources */ = {isa = PBXBuildFile; fileRef = 49A1629C1BC6E6A200AD4AE7 /* LaunchScreen.storyboard */; };
		49A162A91BC6E6A200AD4AE7 /* JCECircularCollectionViewTests.m in Sources */ = {isa = PBXBuildFile; fileRef = 49A162A81BC6E6A200AD4AE7 /* JCECircularCollectionViewTests.m */; };
		49A162B41BC6E6A200AD4AE7 /* JCECircularCollectionViewUITests.m in Sources */ = {isa = PBXBuildFile; fileRef = 49A162B31BC6E6A200AD4AE7 /* JCECircularCollectionViewUITests.m */; };
		49A162C31BC6E71100AD4AE7 /* JCECircularCollectionViewController.m in Sources */ = {isa = PBXBuildFile; fileRef = 49A162C21BC6E71100AD4AE7 /* JCECircularCollectionViewController.m */; settings = {ASSET_TAGS = (); }; };
		49A162C81BC6E7B600AD4AE7 /* JCETitleView.m in Sources */ = {isa = PBXBuildFile; fileRef = 49A162C71BC6E7B600AD4AE7 /* JCETitleView.m */; settings = {ASSET_TAGS = (); }; };
		49A162CC1BC6EB5100AD4AE7 /* JCEViewUtils.m in Sources */ = {isa = PBXBuildFile; fileRef = 49A162CB1BC6EB5100AD4AE7 /* JCEViewUtils.m */; settings = {ASSET_TAGS = (); }; };
		49A162D01BC6EC0A00AD4AE7 /* NSString+JCEAdditions.m in Sources */ = {isa = PBXBuildFile; fileRef = 49A162CF1BC6EC0A00AD4AE7 /* NSString+JCEAdditions.m */; settings = {ASSET_TAGS = (); }; };
		49A9A13F1BCA78070088F0A4 /* JCEBorderLayer.m in Sources */ = {isa = PBXBuildFile; fileRef = 49A9A13E1BCA78070088F0A4 /* JCEBorderLayer.m */; settings = {ASSET_TAGS = (); }; };
/* End PBXBuildFile section */

/* Begin PBXContainerItemProxy section */
		49A162A51BC6E6A200AD4AE7 /* PBXContainerItemProxy */ = {
			isa = PBXContainerItemProxy;
			containerPortal = 49A162831BC6E6A200AD4AE7 /* Project object */;
			proxyType = 1;
			remoteGlobalIDString = 49A1628A1BC6E6A200AD4AE7;
			remoteInfo = JCECircularCollectionView;
		};
		49A162B01BC6E6A200AD4AE7 /* PBXContainerItemProxy */ = {
			isa = PBXContainerItemProxy;
			containerPortal = 49A162831BC6E6A200AD4AE7 /* Project object */;
			proxyType = 1;
			remoteGlobalIDString = 49A1628A1BC6E6A200AD4AE7;
			remoteInfo = JCECircularCollectionView;
		};
/* End PBXContainerItemProxy section */

/* Begin PBXFileReference section */
		49A1628B1BC6E6A200AD4AE7 /* JCECircularCollectionView.app */ = {isa = PBXFileReference; explicitFileType = wrapper.application; includeInIndex = 0; path = JCECircularCollectionView.app; sourceTree = BUILT_PRODUCTS_DIR; };
		49A1628F1BC6E6A200AD4AE7 /* main.m */ = {isa = PBXFileReference; lastKnownFileType = sourcecode.c.objc; path = main.m; sourceTree = "<group>"; };
		49A162911BC6E6A200AD4AE7 /* AppDelegate.h */ = {isa = PBXFileReference; lastKnownFileType = sourcecode.c.h; path = AppDelegate.h; sourceTree = "<group>"; };
		49A162921BC6E6A200AD4AE7 /* AppDelegate.m */ = {isa = PBXFileReference; lastKnownFileType = sourcecode.c.objc; path = AppDelegate.m; sourceTree = "<group>"; };
		49A162941BC6E6A200AD4AE7 /* ViewController.h */ = {isa = PBXFileReference; lastKnownFileType = sourcecode.c.h; path = ViewController.h; sourceTree = "<group>"; };
		49A162951BC6E6A200AD4AE7 /* ViewController.m */ = {isa = PBXFileReference; lastKnownFileType = sourcecode.c.objc; path = ViewController.m; sourceTree = "<group>"; };
		49A1629A1BC6E6A200AD4AE7 /* Assets.xcassets */ = {isa = PBXFileReference; lastKnownFileType = folder.assetcatalog; path = Assets.xcassets; sourceTree = "<group>"; };
		49A1629D1BC6E6A200AD4AE7 /* Base */ = {isa = PBXFileReference; lastKnownFileType = file.storyboard; name = Base; path = Base.lproj/LaunchScreen.storyboard; sourceTree = "<group>"; };
		49A1629F1BC6E6A200AD4AE7 /* Info.plist */ = {isa = PBXFileReference; lastKnownFileType = text.plist.xml; path = Info.plist; sourceTree = "<group>"; };
		49A162A41BC6E6A200AD4AE7 /* JCECircularCollectionViewTests.xctest */ = {isa = PBXFileReference; explicitFileType = wrapper.cfbundle; includeInIndex = 0; path = JCECircularCollectionViewTests.xctest; sourceTree = BUILT_PRODUCTS_DIR; };
		49A162A81BC6E6A200AD4AE7 /* JCECircularCollectionViewTests.m */ = {isa = PBXFileReference; lastKnownFileType = sourcecode.c.objc; path = JCECircularCollectionViewTests.m; sourceTree = "<group>"; };
		49A162AA1BC6E6A200AD4AE7 /* Info.plist */ = {isa = PBXFileReference; lastKnownFileType = text.plist.xml; path = Info.plist; sourceTree = "<group>"; };
		49A162AF1BC6E6A200AD4AE7 /* JCECircularCollectionViewUITests.xctest */ = {isa = PBXFileReference; explicitFileType = wrapper.cfbundle; includeInIndex = 0; path = JCECircularCollectionViewUITests.xctest; sourceTree = BUILT_PRODUCTS_DIR; };
		49A162B31BC6E6A200AD4AE7 /* JCECircularCollectionViewUITests.m */ = {isa = PBXFileReference; lastKnownFileType = sourcecode.c.objc; path = JCECircularCollectionViewUITests.m; sourceTree = "<group>"; };
		49A162B51BC6E6A200AD4AE7 /* Info.plist */ = {isa = PBXFileReference; lastKnownFileType = text.plist.xml; path = Info.plist; sourceTree = "<group>"; };
		49A162C11BC6E71100AD4AE7 /* JCECircularCollectionViewController.h */ = {isa = PBXFileReference; fileEncoding = 4; lastKnownFileType = sourcecode.c.h; path = JCECircularCollectionViewController.h; sourceTree = "<group>"; };
		49A162C21BC6E71100AD4AE7 /* JCECircularCollectionViewController.m */ = {isa = PBXFileReference; fileEncoding = 4; lastKnownFileType = sourcecode.c.objc; path = JCECircularCollectionViewController.m; sourceTree = "<group>"; };
		49A162C61BC6E7B600AD4AE7 /* JCETitleView.h */ = {isa = PBXFileReference; fileEncoding = 4; lastKnownFileType = sourcecode.c.h; path = JCETitleView.h; sourceTree = "<group>"; };
		49A162C71BC6E7B600AD4AE7 /* JCETitleView.m */ = {isa = PBXFileReference; fileEncoding = 4; lastKnownFileType = sourcecode.c.objc; path = JCETitleView.m; sourceTree = "<group>"; };
		49A162CA1BC6EB5100AD4AE7 /* JCEViewUtils.h */ = {isa = PBXFileReference; fileEncoding = 4; lastKnownFileType = sourcecode.c.h; path = JCEViewUtils.h; sourceTree = "<group>"; };
		49A162CB1BC6EB5100AD4AE7 /* JCEViewUtils.m */ = {isa = PBXFileReference; fileEncoding = 4; lastKnownFileType = sourcecode.c.objc; path = JCEViewUtils.m; sourceTree = "<group>"; };
		49A162CE1BC6EC0A00AD4AE7 /* NSString+JCEAdditions.h */ = {isa = PBXFileReference; fileEncoding = 4; lastKnownFileType = sourcecode.c.h; path = "NSString+JCEAdditions.h"; sourceTree = "<group>"; };
		49A162CF1BC6EC0A00AD4AE7 /* NSString+JCEAdditions.m */ = {isa = PBXFileReference; fileEncoding = 4; lastKnownFileType = sourcecode.c.objc; path = "NSString+JCEAdditions.m"; sourceTree = "<group>"; };
		49A9A13D1BCA78070088F0A4 /* JCEBorderLayer.h */ = {isa = PBXFileReference; fileEncoding = 4; lastKnownFileType = sourcecode.c.h; path = JCEBorderLayer.h; sourceTree = "<group>"; };
		49A9A13E1BCA78070088F0A4 /* JCEBorderLayer.m */ = {isa = PBXFileReference; fileEncoding = 4; lastKnownFileType = sourcecode.c.objc; path = JCEBorderLayer.m; sourceTree = "<group>"; };
/* End PBXFileReference section */

/* Begin PBXFrameworksBuildPhase section */
		49A162881BC6E6A200AD4AE7 /* Frameworks */ = {
			isa = PBXFrameworksBuildPhase;
			buildActionMask = 2147483647;
			files = (
			);
			runOnlyForDeploymentPostprocessing = 0;
		};
		49A162A11BC6E6A200AD4AE7 /* Frameworks */ = {
			isa = PBXFrameworksBuildPhase;
			buildActionMask = 2147483647;
			files = (
			);
			runOnlyForDeploymentPostprocessing = 0;
		};
		49A162AC1BC6E6A200AD4AE7 /* Frameworks */ = {
			isa = PBXFrameworksBuildPhase;
			buildActionMask = 2147483647;
			files = (
			);
			runOnlyForDeploymentPostprocessing = 0;
		};
/* End PBXFrameworksBuildPhase section */

/* Begin PBXGroup section */
		49A162821BC6E6A200AD4AE7 = {
			isa = PBXGroup;
			children = (
				49A1628D1BC6E6A200AD4AE7 /* JCECircularCollectionView */,
				49A162A71BC6E6A200AD4AE7 /* JCECircularCollectionViewTests */,
				49A162B21BC6E6A200AD4AE7 /* JCECircularCollectionViewUITests */,
				49A1628C1BC6E6A200AD4AE7 /* Products */,
			);
			sourceTree = "<group>";
		};
		49A1628C1BC6E6A200AD4AE7 /* Products */ = {
			isa = PBXGroup;
			children = (
				49A1628B1BC6E6A200AD4AE7 /* JCECircularCollectionView.app */,
				49A162A41BC6E6A200AD4AE7 /* JCECircularCollectionViewTests.xctest */,
				49A162AF1BC6E6A200AD4AE7 /* JCECircularCollectionViewUITests.xctest */,
			);
			name = Products;
			sourceTree = "<group>";
		};
		49A1628D1BC6E6A200AD4AE7 /* JCECircularCollectionView */ = {
			isa = PBXGroup;
			children = (
				49A9A1391BCA77D40088F0A4 /* Layer */,
				49A162CD1BC6EBE000AD4AE7 /* Categories */,
				49A162C91BC6EB4000AD4AE7 /* Utils */,
				49A162C51BC6E7A700AD4AE7 /* Views */,
				49A162C41BC6E76600AD4AE7 /* ViewController */,
				49A162911BC6E6A200AD4AE7 /* AppDelegate.h */,
				49A162921BC6E6A200AD4AE7 /* AppDelegate.m */,
				49A162941BC6E6A200AD4AE7 /* ViewController.h */,
				49A162951BC6E6A200AD4AE7 /* ViewController.m */,
				49A1629A1BC6E6A200AD4AE7 /* Assets.xcassets */,
				49A1629C1BC6E6A200AD4AE7 /* LaunchScreen.storyboard */,
				49A1629F1BC6E6A200AD4AE7 /* Info.plist */,
				49A1628E1BC6E6A200AD4AE7 /* Supporting Files */,
			);
			path = JCECircularCollectionView;
			sourceTree = "<group>";
		};
		49A1628E1BC6E6A200AD4AE7 /* Supporting Files */ = {
			isa = PBXGroup;
			children = (
				49A1628F1BC6E6A200AD4AE7 /* main.m */,
			);
			name = "Supporting Files";
			sourceTree = "<group>";
		};
		49A162A71BC6E6A200AD4AE7 /* JCECircularCollectionViewTests */ = {
			isa = PBXGroup;
			children = (
				49A162A81BC6E6A200AD4AE7 /* JCECircularCollectionViewTests.m */,
				49A162AA1BC6E6A200AD4AE7 /* Info.plist */,
			);
			path = JCECircularCollectionViewTests;
			sourceTree = "<group>";
		};
		49A162B21BC6E6A200AD4AE7 /* JCECircularCollectionViewUITests */ = {
			isa = PBXGroup;
			children = (
				49A162B31BC6E6A200AD4AE7 /* JCECircularCollectionViewUITests.m */,
				49A162B51BC6E6A200AD4AE7 /* Info.plist */,
			);
			path = JCECircularCollectionViewUITests;
			sourceTree = "<group>";
		};
		49A162C41BC6E76600AD4AE7 /* ViewController */ = {
			isa = PBXGroup;
			children = (
				49A162C11BC6E71100AD4AE7 /* JCECircularCollectionViewController.h */,
				49A162C21BC6E71100AD4AE7 /* JCECircularCollectionViewController.m */,
			);
			name = ViewController;
			sourceTree = "<group>";
		};
		49A162C51BC6E7A700AD4AE7 /* Views */ = {
			isa = PBXGroup;
			children = (
				49A162C61BC6E7B600AD4AE7 /* JCETitleView.h */,
				49A162C71BC6E7B600AD4AE7 /* JCETitleView.m */,
			);
			name = Views;
			sourceTree = "<group>";
		};
		49A162C91BC6EB4000AD4AE7 /* Utils */ = {
			isa = PBXGroup;
			children = (
				49A162CA1BC6EB5100AD4AE7 /* JCEViewUtils.h */,
				49A162CB1BC6EB5100AD4AE7 /* JCEViewUtils.m */,
			);
			name = Utils;
			sourceTree = "<group>";
		};
		49A162CD1BC6EBE000AD4AE7 /* Categories */ = {
			isa = PBXGroup;
			children = (
				49A162CE1BC6EC0A00AD4AE7 /* NSString+JCEAdditions.h */,
				49A162CF1BC6EC0A00AD4AE7 /* NSString+JCEAdditions.m */,
			);
			name = Categories;
			sourceTree = "<group>";
		};
		49A9A1391BCA77D40088F0A4 /* Layer */ = {
			isa = PBXGroup;
			children = (
				49A9A13D1BCA78070088F0A4 /* JCEBorderLayer.h */,
				49A9A13E1BCA78070088F0A4 /* JCEBorderLayer.m */,
			);
			name = Layer;
			sourceTree = "<group>";
		};
/* End PBXGroup section */

/* Begin PBXNativeTarget section */
		49A1628A1BC6E6A200AD4AE7 /* JCECircularCollectionView */ = {
			isa = PBXNativeTarget;
			buildConfigurationList = 49A162B81BC6E6A200AD4AE7 /* Build configuration list for PBXNativeTarget "JCECircularCollectionView" */;
			buildPhases = (
				49A162871BC6E6A200AD4AE7 /* Sources */,
				49A162881BC6E6A200AD4AE7 /* Frameworks */,
				49A162891BC6E6A200AD4AE7 /* Resources */,
			);
			buildRules = (
			);
			dependencies = (
			);
			name = JCECircularCollectionView;
			productName = JCECircularCollectionView;
			productReference = 49A1628B1BC6E6A200AD4AE7 /* JCECircularCollectionView.app */;
			productType = "com.apple.product-type.application";
		};
		49A162A31BC6E6A200AD4AE7 /* JCECircularCollectionViewTests */ = {
			isa = PBXNativeTarget;
			buildConfigurationList = 49A162BB1BC6E6A200AD4AE7 /* Build configuration list for PBXNativeTarget "JCECircularCollectionViewTests" */;
			buildPhases = (
				49A162A01BC6E6A200AD4AE7 /* Sources */,
				49A162A11BC6E6A200AD4AE7 /* Frameworks */,
				49A162A21BC6E6A200AD4AE7 /* Resources */,
			);
			buildRules = (
			);
			dependencies = (
				49A162A61BC6E6A200AD4AE7 /* PBXTargetDependency */,
			);
			name = JCECircularCollectionViewTests;
			productName = JCECircularCollectionViewTests;
			productReference = 49A162A41BC6E6A200AD4AE7 /* JCECircularCollectionViewTests.xctest */;
			productType = "com.apple.product-type.bundle.unit-test";
		};
		49A162AE1BC6E6A200AD4AE7 /* JCECircularCollectionViewUITests */ = {
			isa = PBXNativeTarget;
			buildConfigurationList = 49A162BE1BC6E6A200AD4AE7 /* Build configuration list for PBXNativeTarget "JCECircularCollectionViewUITests" */;
			buildPhases = (
				49A162AB1BC6E6A200AD4AE7 /* Sources */,
				49A162AC1BC6E6A200AD4AE7 /* Frameworks */,
				49A162AD1BC6E6A200AD4AE7 /* Resources */,
			);
			buildRules = (
			);
			dependencies = (
				49A162B11BC6E6A200AD4AE7 /* PBXTargetDependency */,
			);
			name = JCECircularCollectionViewUITests;
			productName = JCECircularCollectionViewUITests;
			productReference = 49A162AF1BC6E6A200AD4AE7 /* JCECircularCollectionViewUITests.xctest */;
			productType = "com.apple.product-type.bundle.ui-testing";
		};
/* End PBXNativeTarget section */

/* Begin PBXProject section */
		49A162831BC6E6A200AD4AE7 /* Project object */ = {
			isa = PBXProject;
			attributes = {
				LastUpgradeCheck = 0700;
				ORGANIZATIONNAME = jce;
				TargetAttributes = {
					49A1628A1BC6E6A200AD4AE7 = {
						CreatedOnToolsVersion = 7.0;
						DevelopmentTeam = H86C3TN3R7;
					};
					49A162A31BC6E6A200AD4AE7 = {
						CreatedOnToolsVersion = 7.0;
						DevelopmentTeam = H86C3TN3R7;
						TestTargetID = 49A1628A1BC6E6A200AD4AE7;
					};
					49A162AE1BC6E6A200AD4AE7 = {
						CreatedOnToolsVersion = 7.0;
						DevelopmentTeam = H86C3TN3R7;
						TestTargetID = 49A1628A1BC6E6A200AD4AE7;
					};
				};
			};
			buildConfigurationList = 49A162861BC6E6A200AD4AE7 /* Build configuration list for PBXProject "JCECircularCollectionView" */;
			compatibilityVersion = "Xcode 3.2";
			developmentRegion = English;
			hasScannedForEncodings = 0;
			knownRegions = (
				en,
				Base,
			);
			mainGroup = 49A162821BC6E6A200AD4AE7;
			productRefGroup = 49A1628C1BC6E6A200AD4AE7 /* Products */;
			projectDirPath = "";
			projectRoot = "";
			targets = (
				49A1628A1BC6E6A200AD4AE7 /* JCECircularCollectionView */,
				49A162A31BC6E6A200AD4AE7 /* JCECircularCollectionViewTests */,
				49A162AE1BC6E6A200AD4AE7 /* JCECircularCollectionViewUITests */,
			);
		};
/* End PBXProject section */

/* Begin PBXResourcesBuildPhase section */
		49A162891BC6E6A200AD4AE7 /* Resources */ = {
			isa = PBXResourcesBuildPhase;
			buildActionMask = 2147483647;
			files = (
				49A1629E1BC6E6A200AD4AE7 /* LaunchScreen.storyboard in Resources */,
				49A1629B1BC6E6A200AD4AE7 /* Assets.xcassets in Resources */,
			);
			runOnlyForDeploymentPostprocessing = 0;
		};
		49A162A21BC6E6A200AD4AE7 /* Resources */ = {
			isa = PBXResourcesBuildPhase;
			buildActionMask = 2147483647;
			files = (
			);
			runOnlyForDeploymentPostprocessing = 0;
		};
		49A162AD1BC6E6A200AD4AE7 /* Resources */ = {
			isa = PBXResourcesBuildPhase;
			buildActionMask = 2147483647;
			files = (
			);
			runOnlyForDeploymentPostprocessing = 0;
		};
/* End PBXResourcesBuildPhase section */

/* Begin PBXSourcesBuildPhase section */
		49A162871BC6E6A200AD4AE7 /* Sources */ = {
			isa = PBXSourcesBuildPhase;
			buildActionMask = 2147483647;
			files = (
				49A9A13F1BCA78070088F0A4 /* JCEBorderLayer.m in Sources */,
				49A162961BC6E6A200AD4AE7 /* ViewController.m in Sources */,
				49A162931BC6E6A200AD4AE7 /* AppDelegate.m in Sources */,
				49A162C31BC6E71100AD4AE7 /* JCECircularCollectionViewController.m in Sources */,
				49A162CC1BC6EB5100AD4AE7 /* JCEViewUtils.m in Sources */,
				49A162C81BC6E7B600AD4AE7 /* JCETitleView.m in Sources */,
				49A162901BC6E6A200AD4AE7 /* main.m in Sources */,
				49A162D01BC6EC0A00AD4AE7 /* NSString+JCEAdditions.m in Sources */,
			);
			runOnlyForDeploymentPostprocessing = 0;
		};
		49A162A01BC6E6A200AD4AE7 /* Sources */ = {
			isa = PBXSourcesBuildPhase;
			buildActionMask = 2147483647;
			files = (
				49A162A91BC6E6A200AD4AE7 /* JCECircularCollectionViewTests.m in Sources */,
			);
			runOnlyForDeploymentPostprocessing = 0;
		};
		49A162AB1BC6E6A200AD4AE7 /* Sources */ = {
			isa = PBXSourcesBuildPhase;
			buildActionMask = 2147483647;
			files = (
				49A162B41BC6E6A200AD4AE7 /* JCECircularCollectionViewUITests.m in Sources */,
			);
			runOnlyForDeploymentPostprocessing = 0;
		};
/* End PBXSourcesBuildPhase section */

/* Begin PBXTargetDependency section */
		49A162A61BC6E6A200AD4AE7 /* PBXTargetDependency */ = {
			isa = PBXTargetDependency;
			target = 49A1628A1BC6E6A200AD4AE7 /* JCECircularCollectionView */;
			targetProxy = 49A162A51BC6E6A200AD4AE7 /* PBXContainerItemProxy */;
		};
		49A162B11BC6E6A200AD4AE7 /* PBXTargetDependency */ = {
			isa = PBXTargetDependency;
			target = 49A1628A1BC6E6A200AD4AE7 /* JCECircularCollectionView */;
			targetProxy = 49A162B01BC6E6A200AD4AE7 /* PBXContainerItemProxy */;
		};
/* End PBXTargetDependency section */

/* Begin PBXVariantGroup section */
		49A1629C1BC6E6A200AD4AE7 /* LaunchScreen.storyboard */ = {
			isa = PBXVariantGroup;
			children = (
				49A1629D1BC6E6A200AD4AE7 /* Base */,
			);
			name = LaunchScreen.storyboard;
			sourceTree = "<group>";
		};
/* End PBXVariantGroup section */

/* Begin XCBuildConfiguration section */
		49A162B61BC6E6A200AD4AE7 /* Debug */ = {
			isa = XCBuildConfiguration;
			buildSettings = {
				ALWAYS_SEARCH_USER_PATHS = NO;
				CLANG_CXX_LANGUAGE_STANDARD = "gnu++0x";
				CLANG_CXX_LIBRARY = "libc++";
				CLANG_ENABLE_MODULES = YES;
				CLANG_ENABLE_OBJC_ARC = YES;
				CLANG_WARN_BOOL_CONVERSION = YES;
				CLANG_WARN_CONSTANT_CONVERSION = YES;
				CLANG_WARN_DIRECT_OBJC_ISA_USAGE = YES_ERROR;
				CLANG_WARN_EMPTY_BODY = YES;
				CLANG_WARN_ENUM_CONVERSION = YES;
				CLANG_WARN_INT_CONVERSION = YES;
				CLANG_WARN_OBJC_ROOT_CLASS = YES_ERROR;
				CLANG_WARN_UNREACHABLE_CODE = YES;
				CLANG_WARN__DUPLICATE_METHOD_MATCH = YES;
				"CODE_SIGN_IDENTITY[sdk=iphoneos*]" = "iPhone Developer";
				COPY_PHASE_STRIP = NO;
				DEBUG_INFORMATION_FORMAT = dwarf;
				ENABLE_STRICT_OBJC_MSGSEND = YES;
				ENABLE_TESTABILITY = YES;
				GCC_C_LANGUAGE_STANDARD = gnu99;
				GCC_DYNAMIC_NO_PIC = NO;
				GCC_NO_COMMON_BLOCKS = YES;
				GCC_OPTIMIZATION_LEVEL = 0;
				GCC_PREPROCESSOR_DEFINITIONS = (
					"DEBUG=1",
					"$(inherited)",
				);
				GCC_WARN_64_TO_32_BIT_CONVERSION = YES;
				GCC_WARN_ABOUT_RETURN_TYPE = YES_ERROR;
				GCC_WARN_UNDECLARED_SELECTOR = YES;
				GCC_WARN_UNINITIALIZED_AUTOS = YES_AGGRESSIVE;
				GCC_WARN_UNUSED_FUNCTION = YES;
				GCC_WARN_UNUSED_VARIABLE = YES;
				IPHONEOS_DEPLOYMENT_TARGET = 9.0;
				MTL_ENABLE_DEBUG_INFO = YES;
				ONLY_ACTIVE_ARCH = YES;
				SDKROOT = iphoneos;
				TARGETED_DEVICE_FAMILY = "1,2";
			};
			name = Debug;
		};
		49A162B71BC6E6A200AD4AE7 /* Release */ = {
			isa = XCBuildConfiguration;
			buildSettings = {
				ALWAYS_SEARCH_USER_PATHS = NO;
				CLANG_CXX_LANGUAGE_STANDARD = "gnu++0x";
				CLANG_CXX_LIBRARY = "libc++";
				CLANG_ENABLE_MODULES = YES;
				CLANG_ENABLE_OBJC_ARC = YES;
				CLANG_WARN_BOOL_CONVERSION = YES;
				CLANG_WARN_CONSTANT_CONVERSION = YES;
				CLANG_WARN_DIRECT_OBJC_ISA_USAGE = YES_ERROR;
				CLANG_WARN_EMPTY_BODY = YES;
				CLANG_WARN_ENUM_CONVERSION = YES;
				CLANG_WARN_INT_CONVERSION = YES;
				CLANG_WARN_OBJC_ROOT_CLASS = YES_ERROR;
				CLANG_WARN_UNREACHABLE_CODE = YES;
				CLANG_WARN__DUPLICATE_METHOD_MATCH = YES;
				"CODE_SIGN_IDENTITY[sdk=iphoneos*]" = "iPhone Developer";
				COPY_PHASE_STRIP = NO;
				DEBUG_INFORMATION_FORMAT = "dwarf-with-dsym";
				ENABLE_NS_ASSERTIONS = NO;
				ENABLE_STRICT_OBJC_MSGSEND = YES;
				GCC_C_LANGUAGE_STANDARD = gnu99;
				GCC_NO_COMMON_BLOCKS = YES;
				GCC_WARN_64_TO_32_BIT_CONVERSION = YES;
				GCC_WARN_ABOUT_RETURN_TYPE = YES_ERROR;
				GCC_WARN_UNDECLARED_SELECTOR = YES;
				GCC_WARN_UNINITIALIZED_AUTOS = YES_AGGRESSIVE;
				GCC_WARN_UNUSED_FUNCTION = YES;
				GCC_WARN_UNUSED_VARIABLE = YES;
				IPHONEOS_DEPLOYMENT_TARGET = 9.0;
				MTL_ENABLE_DEBUG_INFO = NO;
				SDKROOT = iphoneos;
				TARGETED_DEVICE_FAMILY = "1,2";
				VALIDATE_PRODUCT = YES;
			};
			name = Release;
		};
		49A162B91BC6E6A200AD4AE7 /* Debug */ = {
			isa = XCBuildConfiguration;
			buildSettings = {
				ASSETCATALOG_COMPILER_APPICON_NAME = AppIcon;
				INFOPLIST_FILE = JCECircularCollectionView/Info.plist;
				LD_RUNPATH_SEARCH_PATHS = "$(inherited) @executable_path/Frameworks";
				PRODUCT_BUNDLE_IDENTIFIER = com.jce.JCECircularCollectionView;
				PRODUCT_NAME = "$(TARGET_NAME)";
			};
			name = Debug;
		};
		49A162BA1BC6E6A200AD4AE7 /* Release */ = {
			isa = XCBuildConfiguration;
			buildSettings = {
				ASSETCATALOG_COMPILER_APPICON_NAME = AppIcon;
				INFOPLIST_FILE = JCECircularCollectionView/Info.plist;
				LD_RUNPATH_SEARCH_PATHS = "$(inherited) @executable_path/Frameworks";
				PRODUCT_BUNDLE_IDENTIFIER = com.jce.JCECircularCollectionView;
				PRODUCT_NAME = "$(TARGET_NAME)";
			};
			name = Release;
		};
		49A162BC1BC6E6A200AD4AE7 /* Debug */ = {
			isa = XCBuildConfiguration;
			buildSettings = {
				BUNDLE_LOADER = "$(TEST_HOST)";
				INFOPLIST_FILE = JCECircularCollectionViewTests/Info.plist;
				LD_RUNPATH_SEARCH_PATHS = "$(inherited) @executable_path/Frameworks @loader_path/Frameworks";
				PRODUCT_BUNDLE_IDENTIFIER = com.jce.JCECircularCollectionViewTests;
				PRODUCT_NAME = "$(TARGET_NAME)";
				TEST_HOST = "$(BUILT_PRODUCTS_DIR)/JCECircularCollectionView.app/JCECircularCollectionView";
			};
			name = Debug;
		};
		49A162BD1BC6E6A200AD4AE7 /* Release */ = {
			isa = XCBuildConfiguration;
			buildSettings = {
				BUNDLE_LOADER = "$(TEST_HOST)";
				INFOPLIST_FILE = JCECircularCollectionViewTests/Info.plist;
				LD_RUNPATH_SEARCH_PATHS = "$(inherited) @executable_path/Frameworks @loader_path/Frameworks";
				PRODUCT_BUNDLE_IDENTIFIER = com.jce.JCECircularCollectionViewTests;
				PRODUCT_NAME = "$(TARGET_NAME)";
				TEST_HOST = "$(BUILT_PRODUCTS_DIR)/JCECircularCollectionView.app/JCECircularCollectionView";
			};
			name = Release;
		};
		49A162BF1BC6E6A200AD4AE7 /* Debug */ = {
			isa = XCBuildConfiguration;
			buildSettings = {
				INFOPLIST_FILE = JCECircularCollectionViewUITests/Info.plist;
				LD_RUNPATH_SEARCH_PATHS = "$(inherited) @executable_path/Frameworks @loader_path/Frameworks";
				PRODUCT_BUNDLE_IDENTIFIER = com.jce.JCECircularCollectionViewUITests;
				PRODUCT_NAME = "$(TARGET_NAME)";
				TEST_TARGET_NAME = JCECircularCollectionView;
				USES_XCTRUNNER = YES;
			};
			name = Debug;
		};
		49A162C01BC6E6A200AD4AE7 /* Release */ = {
			isa = XCBuildConfiguration;
			buildSettings = {
				INFOPLIST_FILE = JCECircularCollectionViewUITests/Info.plist;
				LD_RUNPATH_SEARCH_PATHS = "$(inherited) @executable_path/Frameworks @loader_path/Frameworks";
				PRODUCT_BUNDLE_IDENTIFIER = com.jce.JCECircularCollectionViewUITests;
				PRODUCT_NAME = "$(TARGET_NAME)";
				TEST_TARGET_NAME = JCECircularCollectionView;
				USES_XCTRUNNER = YES;
			};
			name = Release;
		};
/* End XCBuildConfiguration section */

/* Begin XCConfigurationList section */
		49A162861BC6E6A200AD4AE7 /* Build configuration list for PBXProject "JCECircularCollectionView" */ = {
			isa = XCConfigurationList;
			buildConfigurations = (
				49A162B61BC6E6A200AD4AE7 /* Debug */,
				49A162B71BC6E6A200AD4AE7 /* Release */,
			);
			defaultConfigurationIsVisible = 0;
			defaultConfigurationName = Release;
		};
		49A162B81BC6E6A200AD4AE7 /* Build configuration list for PBXNativeTarget "JCECircularCollectionView" */ = {
			isa = XCConfigurationList;
			buildConfigurations = (
				49A162B91BC6E6A200AD4AE7 /* Debug */,
				49A162BA1BC6E6A200AD4AE7 /* Release */,
			);
			defaultConfigurationIsVisible = 0;
			defaultConfigurationName = Release;
		};
		49A162BB1BC6E6A200AD4AE7 /* Build configuration list for PBXNativeTarget "JCECircularCollectionViewTests" */ = {
			isa = XCConfigurationList;
			buildConfigurations = (
				49A162BC1BC6E6A200AD4AE7 /* Debug */,
				49A162BD1BC6E6A200AD4AE7 /* Release */,
			);
			defaultConfigurationIsVisible = 0;
			defaultConfigurationName = Release;
		};
		49A162BE1BC6E6A200AD4AE7 /* Build configuration list for PBXNativeTarget "JCECircularCollectionViewUITests" */ = {
			isa = XCConfigurationList;
			buildConfigurations = (
				49A162BF1BC6E6A200AD4AE7 /* Debug */,
				49A162C01BC6E6A200AD4AE7 /* Release */,
			);
			defaultConfigurationIsVisible = 0;
			defaultConfigurationName = Release;
		};
/* End XCConfigurationList section */
	};
	rootObject = 49A162831BC6E6A200AD4AE7 /* Project object */;
}
